
Microsoft Visual Studio Solution File, Format Version 12.00
# Visual Studio 15
VisualStudioVersion = 15.0.27703.2000
MinimumVisualStudioVersion = 10.0.40219.1
Project("{FAE04EC0-301F-11D3-BF4B-00C04F79EFBC}") = "Bascula", "ComPort\Bascula.csproj", "{D8C99F1A-F4CC-452D-88A4-90DC7F67B277}"
EndProject
Global
	GlobalSection(SolutionConfigurationPlatforms) = preSolution
		Debug|Any CPU = Debug|Any CPU
		Release|Any CPU = Release|Any CPU
	EndGlobalSection
	GlobalSection(ProjectConfigurationPlatforms) = postSolution
		{D8C99F1A-F4CC-452D-88A4-90DC7F67B277}.Debug|Any CPU.ActiveCfg = Debug|Any CPU
		{D8C99F1A-F4CC-452D-88A4-90DC7F67B277}.Debug|Any CPU.Build.0 = Debug|Any CPU
		{D8C99F1A-F4CC-452D-88A4-90DC7F67B277}.Release|Any CPU.ActiveCfg = Release|Any CPU
		{D8C99F1A-F4CC-452D-88A4-90DC7F67B277}.Release|Any CPU.Build.0 = Release|Any CPU
	EndGlobalSection
	GlobalSection(SolutionProperties) = preSolution
		HideSolutionNode = FALSE
	EndGlobalSection
	GlobalSection(ExtensibilityGlobals) = postSolution
		SolutionGuid = {A8012A06-C124-4B98-9522-61FBD3EE89D6}
	EndGlobalSection
EndGlobal
